
Microsoft Visual Studio Solution File, Format Version 12.00
# 
Project("{FAE04EC0-301F-11D3-BF4B-00C04F79EFBC}") = "Appdiv.Payment.API", "Appdiv.Payment.API\Appdiv.Payment.API.csproj", "{374ECD26-A83E-4ECD-9D61-2F503CF717B0}"
EndProject
Project("{FAE04EC0-301F-11D3-BF4B-00C04F79EFBC}") = "Appdiv.Payment.Telebirr", "Appdiv.Payment.Telebirr\Appdiv.Payment.Telebirr.csproj", "{AB98F8DD-FD5E-494D-92E5-78D635E23D5A}"
EndProject
Project("{FAE04EC0-301F-11D3-BF4B-00C04F79EFBC}") = "Appdiv.Payment.CBEBirr", "Appdiv.Payment.CBEBirr\Appdiv.Payment.CBEBirr.csproj", "{9DE6C328-AF10-4708-B51E-499FE6F2E8A7}"
EndProject
Project("{FAE04EC0-301F-11D3-BF4B-00C04F79EFBC}") = "Appdiv.Payment.AwashBank", "Appdiv.Payment.AwashBank\Appdiv.Payment.AwashBank.csproj", "{D4768B30-2B19-4CD0-958A-9C73512D0490}"
EndProject
Project("{FAE04EC0-301F-11D3-BF4B-00C04F79EFBC}") = "Appdiv.Payment.Fettan", "Appdiv.Payment.Fettan\Appdiv.Payment.Fettan.csproj", "{A49A12D0-32A7-425E-8DBD-5F9EE00CF2FB}"
EndProject
Project("{FAE04EC0-301F-11D3-BF4B-00C04F79EFBC}") = "Appdiv.Payment.Shared", "Appdiv.Payment.Shared\Appdiv.Payment.Shared.csproj", "{A8EF7D6E-55DC-4A54-AB24-B1B5C6FF3667}"
EndProject
Project("{FAE04EC0-301F-11D3-BF4B-00C04F79EFBC}") = "Appdiv.Payment.TelebirrClient", "Appdiv.Payment.TelebirrClient\Appdiv.Payment.TelebirrClient.csproj", "{C6839247-C2B4-454C-931A-7F7D506463FE}"
EndProject
Project("{2150E333-8FDC-42A3-9474-1A3956D46DE8}") = "DirectPay", "DirectPay", "{922D980B-5A27-40EF-953A-52AA90E668C9}"
EndProject
Project("{FAE04EC0-301F-11D3-BF4B-00C04F79EFBC}") = "DirectPay.Domain", "DirectPay\DirectPay.Domain\DirectPay.Domain.csproj", "{9ECF2315-36A1-4666-AC18-93C91A16B7EE}"
EndProject
Project("{FAE04EC0-301F-11D3-BF4B-00C04F79EFBC}") = "DirectPay.Application", "DirectPay\DirectPay.Application\DirectPay.Application.csproj", "{AF83A197-8A51-461D-BE4E-A0C5AA0A23F6}"
EndProject
Project("{2150E333-8FDC-42A3-9474-1A3956D46DE8}") = "Plugins", "Plugins", "{19A729D5-E4B0-4D92-B0D4-BCB70140C7F8}"
EndProject
Project("{FAE04EC0-301F-11D3-BF4B-00C04F79EFBC}") = "DirectPay.Cbebirr", "DirectPay\Plugins\DirectPay.Cbebirr\DirectPay.Cbebirr.csproj", "{BEF3B429-EC47-4CBF-A035-09F3649E50F8}"
EndProject
Project("{FAE04EC0-301F-11D3-BF4B-00C04F79EFBC}") = "DirectPay.Telebirr", "DirectPay\Plugins\DirectPay.Telebirr\DirectPay.Telebirr.csproj", "{35CBE8D6-4243-4606-9F10-C5FC1623FC25}"
EndProject
Project("{FAE04EC0-301F-11D3-BF4B-00C04F79EFBC}") = "API", "DirectPay\API\API.csproj", "{A2CA877A-FE04-4645-97DB-ED0234028B6C}"
EndProject
Global
	GlobalSection(SolutionConfigurationPlatforms) = preSolution
		Debug|Any CPU = Debug|Any CPU
		Release|Any CPU = Release|Any CPU
	EndGlobalSection
	GlobalSection(ProjectConfigurationPlatforms) = postSolution
		{374ECD26-A83E-4ECD-9D61-2F503CF717B0}.Debug|Any CPU.ActiveCfg = Debug|Any CPU
		{374ECD26-A83E-4ECD-9D61-2F503CF717B0}.Debug|Any CPU.Build.0 = Debug|Any CPU
		{374ECD26-A83E-4ECD-9D61-2F503CF717B0}.Release|Any CPU.ActiveCfg = Release|Any CPU
		{374ECD26-A83E-4ECD-9D61-2F503CF717B0}.Release|Any CPU.Build.0 = Release|Any CPU
		{AB98F8DD-FD5E-494D-92E5-78D635E23D5A}.Debug|Any CPU.ActiveCfg = Debug|Any CPU
		{AB98F8DD-FD5E-494D-92E5-78D635E23D5A}.Debug|Any CPU.Build.0 = Debug|Any CPU
		{AB98F8DD-FD5E-494D-92E5-78D635E23D5A}.Release|Any CPU.ActiveCfg = Release|Any CPU
		{AB98F8DD-FD5E-494D-92E5-78D635E23D5A}.Release|Any CPU.Build.0 = Release|Any CPU
		{9DE6C328-AF10-4708-B51E-499FE6F2E8A7}.Debug|Any CPU.ActiveCfg = Debug|Any CPU
		{9DE6C328-AF10-4708-B51E-499FE6F2E8A7}.Debug|Any CPU.Build.0 = Debug|Any CPU
		{9DE6C328-AF10-4708-B51E-499FE6F2E8A7}.Release|Any CPU.ActiveCfg = Release|Any CPU
		{9DE6C328-AF10-4708-B51E-499FE6F2E8A7}.Release|Any CPU.Build.0 = Release|Any CPU
		{D4768B30-2B19-4CD0-958A-9C73512D0490}.Debug|Any CPU.ActiveCfg = Debug|Any CPU
		{D4768B30-2B19-4CD0-958A-9C73512D0490}.Debug|Any CPU.Build.0 = Debug|Any CPU
		{D4768B30-2B19-4CD0-958A-9C73512D0490}.Release|Any CPU.ActiveCfg = Release|Any CPU
		{D4768B30-2B19-4CD0-958A-9C73512D0490}.Release|Any CPU.Build.0 = Release|Any CPU
		{A49A12D0-32A7-425E-8DBD-5F9EE00CF2FB}.Debug|Any CPU.ActiveCfg = Debug|Any CPU
		{A49A12D0-32A7-425E-8DBD-5F9EE00CF2FB}.Debug|Any CPU.Build.0 = Debug|Any CPU
		{A49A12D0-32A7-425E-8DBD-5F9EE00CF2FB}.Release|Any CPU.ActiveCfg = Release|Any CPU
		{A49A12D0-32A7-425E-8DBD-5F9EE00CF2FB}.Release|Any CPU.Build.0 = Release|Any CPU
		{A8EF7D6E-55DC-4A54-AB24-B1B5C6FF3667}.Debug|Any CPU.ActiveCfg = Debug|Any CPU
		{A8EF7D6E-55DC-4A54-AB24-B1B5C6FF3667}.Debug|Any CPU.Build.0 = Debug|Any CPU
		{A8EF7D6E-55DC-4A54-AB24-B1B5C6FF3667}.Release|Any CPU.ActiveCfg = Release|Any CPU
		{A8EF7D6E-55DC-4A54-AB24-B1B5C6FF3667}.Release|Any CPU.Build.0 = Release|Any CPU
		{C6839247-C2B4-454C-931A-7F7D506463FE}.Debug|Any CPU.ActiveCfg = Debug|Any CPU
		{C6839247-C2B4-454C-931A-7F7D506463FE}.Debug|Any CPU.Build.0 = Debug|Any CPU
		{C6839247-C2B4-454C-931A-7F7D506463FE}.Release|Any CPU.ActiveCfg = Release|Any CPU
		{C6839247-C2B4-454C-931A-7F7D506463FE}.Release|Any CPU.Build.0 = Release|Any CPU
		{9ECF2315-36A1-4666-AC18-93C91A16B7EE}.Debug|Any CPU.ActiveCfg = Debug|Any CPU
		{9ECF2315-36A1-4666-AC18-93C91A16B7EE}.Debug|Any CPU.Build.0 = Debug|Any CPU
		{9ECF2315-36A1-4666-AC18-93C91A16B7EE}.Release|Any CPU.ActiveCfg = Release|Any CPU
		{9ECF2315-36A1-4666-AC18-93C91A16B7EE}.Release|Any CPU.Build.0 = Release|Any CPU
		{AF83A197-8A51-461D-BE4E-A0C5AA0A23F6}.Debug|Any CPU.ActiveCfg = Debug|Any CPU
		{AF83A197-8A51-461D-BE4E-A0C5AA0A23F6}.Debug|Any CPU.Build.0 = Debug|Any CPU
		{AF83A197-8A51-461D-BE4E-A0C5AA0A23F6}.Release|Any CPU.ActiveCfg = Release|Any CPU
		{AF83A197-8A51-461D-BE4E-A0C5AA0A23F6}.Release|Any CPU.Build.0 = Release|Any CPU
		{BEF3B429-EC47-4CBF-A035-09F3649E50F8}.Debug|Any CPU.ActiveCfg = Debug|Any CPU
		{BEF3B429-EC47-4CBF-A035-09F3649E50F8}.Debug|Any CPU.Build.0 = Debug|Any CPU
		{BEF3B429-EC47-4CBF-A035-09F3649E50F8}.Release|Any CPU.ActiveCfg = Release|Any CPU
		{BEF3B429-EC47-4CBF-A035-09F3649E50F8}.Release|Any CPU.Build.0 = Release|Any CPU
		{35CBE8D6-4243-4606-9F10-C5FC1623FC25}.Debug|Any CPU.ActiveCfg = Debug|Any CPU
		{35CBE8D6-4243-4606-9F10-C5FC1623FC25}.Debug|Any CPU.Build.0 = Debug|Any CPU
		{35CBE8D6-4243-4606-9F10-C5FC1623FC25}.Release|Any CPU.ActiveCfg = Release|Any CPU
		{35CBE8D6-4243-4606-9F10-C5FC1623FC25}.Release|Any CPU.Build.0 = Release|Any CPU
		{A2CA877A-FE04-4645-97DB-ED0234028B6C}.Debug|Any CPU.ActiveCfg = Debug|Any CPU
		{A2CA877A-FE04-4645-97DB-ED0234028B6C}.Debug|Any CPU.Build.0 = Debug|Any CPU
		{A2CA877A-FE04-4645-97DB-ED0234028B6C}.Release|Any CPU.ActiveCfg = Release|Any CPU
		{A2CA877A-FE04-4645-97DB-ED0234028B6C}.Release|Any CPU.Build.0 = Release|Any CPU
	EndGlobalSection
	GlobalSection(SolutionProperties) = preSolution
		HideSolutionNode = FALSE
	EndGlobalSection
	GlobalSection(NestedProjects) = preSolution
		{9ECF2315-36A1-4666-AC18-93C91A16B7EE} = {922D980B-5A27-40EF-953A-52AA90E668C9}
		{AF83A197-8A51-461D-BE4E-A0C5AA0A23F6} = {922D980B-5A27-40EF-953A-52AA90E668C9}
		{19A729D5-E4B0-4D92-B0D4-BCB70140C7F8} = {922D980B-5A27-40EF-953A-52AA90E668C9}
		{BEF3B429-EC47-4CBF-A035-09F3649E50F8} = {19A729D5-E4B0-4D92-B0D4-BCB70140C7F8}
		{35CBE8D6-4243-4606-9F10-C5FC1623FC25} = {19A729D5-E4B0-4D92-B0D4-BCB70140C7F8}
		{A2CA877A-FE04-4645-97DB-ED0234028B6C} = {922D980B-5A27-40EF-953A-52AA90E668C9}
	EndGlobalSection
EndGlobal
