
Microsoft Visual Studio Solution File, Format Version 12.00
Project("{FAE04EC0-301F-11D3-BF4B-00C04F79EFBC}") = "Appdiv.Payment.API", "Appdiv.Payment.API\Appdiv.Payment.API.csproj", "{374ECD26-A83E-4ECD-9D61-2F503CF717B0}"
EndProject
Project("{FAE04EC0-301F-11D3-BF4B-00C04F79EFBC}") = "Appdiv.Payment.Telebirr", "Appdiv.Payment.Telebirr\Appdiv.Payment.Telebirr.csproj", "{AB98F8DD-FD5E-494D-92E5-78D635E23D5A}"
EndProject
Project("{FAE04EC0-301F-11D3-BF4B-00C04F79EFBC}") = "Appdiv.Payment.CBEbirr", "Appdiv.Payment.CBEbirr\Appdiv.Payment.CBEbirr.csproj", "{9DE6C328-AF10-4708-B51E-499FE6F2E8A7}"
EndProject
Project("{FAE04EC0-301F-11D3-BF4B-00C04F79EFBC}") = "Appdiv.Payment.AwashBank", "Appdiv.Payment.AwashBank\Appdiv.Payment.AwashBank.csproj", "{D4768B30-2B19-4CD0-958A-9C73512D0490}"
EndProject
Project("{FAE04EC0-301F-11D3-BF4B-00C04F79EFBC}") = "Appdiv.Payment.Fettan", "Appdiv.Payment.Fettan\Appdiv.Payment.Fettan.csproj", "{A49A12D0-32A7-425E-8DBD-5F9EE00CF2FB}"
EndProject
Project("{FAE04EC0-301F-11D3-BF4B-00C04F79EFBC}") = "Appdiv.Payment.Shared", "Appdiv.Payment.Shared\Appdiv.Payment.Shared.csproj", "{A8EF7D6E-55DC-4A54-AB24-B1B5C6FF3667}"
EndProject
Global
	GlobalSection(SolutionConfigurationPlatforms) = preSolution
		Debug|Any CPU = Debug|Any CPU
		Release|Any CPU = Release|Any CPU
	EndGlobalSection
	GlobalSection(ProjectConfigurationPlatforms) = postSolution
		{374ECD26-A83E-4ECD-9D61-2F503CF717B0}.Debug|Any CPU.ActiveCfg = Debug|Any CPU
		{374ECD26-A83E-4ECD-9D61-2F503CF717B0}.Debug|Any CPU.Build.0 = Debug|Any CPU
		{374ECD26-A83E-4ECD-9D61-2F503CF717B0}.Release|Any CPU.ActiveCfg = Release|Any CPU
		{374ECD26-A83E-4ECD-9D61-2F503CF717B0}.Release|Any CPU.Build.0 = Release|Any CPU
		{AB98F8DD-FD5E-494D-92E5-78D635E23D5A}.Debug|Any CPU.ActiveCfg = Debug|Any CPU
		{AB98F8DD-FD5E-494D-92E5-78D635E23D5A}.Debug|Any CPU.Build.0 = Debug|Any CPU
		{AB98F8DD-FD5E-494D-92E5-78D635E23D5A}.Release|Any CPU.ActiveCfg = Release|Any CPU
		{AB98F8DD-FD5E-494D-92E5-78D635E23D5A}.Release|Any CPU.Build.0 = Release|Any CPU
		{9DE6C328-AF10-4708-B51E-499FE6F2E8A7}.Debug|Any CPU.ActiveCfg = Debug|Any CPU
		{9DE6C328-AF10-4708-B51E-499FE6F2E8A7}.Debug|Any CPU.Build.0 = Debug|Any CPU
		{9DE6C328-AF10-4708-B51E-499FE6F2E8A7}.Release|Any CPU.ActiveCfg = Release|Any CPU
		{9DE6C328-AF10-4708-B51E-499FE6F2E8A7}.Release|Any CPU.Build.0 = Release|Any CPU
		{D4768B30-2B19-4CD0-958A-9C73512D0490}.Debug|Any CPU.ActiveCfg = Debug|Any CPU
		{D4768B30-2B19-4CD0-958A-9C73512D0490}.Debug|Any CPU.Build.0 = Debug|Any CPU
		{D4768B30-2B19-4CD0-958A-9C73512D0490}.Release|Any CPU.ActiveCfg = Release|Any CPU
		{D4768B30-2B19-4CD0-958A-9C73512D0490}.Release|Any CPU.Build.0 = Release|Any CPU
		{A49A12D0-32A7-425E-8DBD-5F9EE00CF2FB}.Debug|Any CPU.ActiveCfg = Debug|Any CPU
		{A49A12D0-32A7-425E-8DBD-5F9EE00CF2FB}.Debug|Any CPU.Build.0 = Debug|Any CPU
		{A49A12D0-32A7-425E-8DBD-5F9EE00CF2FB}.Release|Any CPU.ActiveCfg = Release|Any CPU
		{A49A12D0-32A7-425E-8DBD-5F9EE00CF2FB}.Release|Any CPU.Build.0 = Release|Any CPU
		{A8EF7D6E-55DC-4A54-AB24-B1B5C6FF3667}.Debug|Any CPU.ActiveCfg = Debug|Any CPU
		{A8EF7D6E-55DC-4A54-AB24-B1B5C6FF3667}.Debug|Any CPU.Build.0 = Debug|Any CPU
		{A8EF7D6E-55DC-4A54-AB24-B1B5C6FF3667}.Release|Any CPU.ActiveCfg = Release|Any CPU
		{A8EF7D6E-55DC-4A54-AB24-B1B5C6FF3667}.Release|Any CPU.Build.0 = Release|Any CPU
	EndGlobalSection
EndGlobal
